
Microsoft Visual Studio Solution File, Format Version 12.00
# Visual Studio 15
VisualStudioVersion = 15.0.27703.2035
MinimumVisualStudioVersion = 10.0.40219.1
Project("{FAE04EC0-301F-11D3-BF4B-00C04F79EFBC}") = "UnityAutowireControl", "Unity.Wpf\UnityAutowireControl\UnityAutowireControl.csproj", "{4E5C3D6A-2EB5-4369-9ACD-484BDE635433}"
EndProject
Project("{2150E333-8FDC-42A3-9474-1A3956D46DE8}") = "Wpf.Unity", "Wpf.Unity", "{3EEE4F99-DDCF-4596-982A-02000D17A766}"
EndProject
Project("{FAE04EC0-301F-11D3-BF4B-00C04F79EFBC}") = "UnityModuleUsingConfigurationApp", "Unity.Wpf\UnityModuleUsingConfigurationApp\UnityModuleUsingConfigurationApp.csproj", "{9068450C-9708-4E28-8AF5-D916D7B2E179}"
EndProject
Project("{FAE04EC0-301F-11D3-BF4B-00C04F79EFBC}") = "UnityTCoreApp", "Unity.Wpf\UnityTCoreApp\UnityTCoreApp.csproj", "{53BA2902-D624-4154-BB2C-C0315FE935DF}"
EndProject
Project("{FAE04EC0-301F-11D3-BF4B-00C04F79EFBC}") = "UnityTCoreControl", "Unity.Wpf\UnityTCoreControl\UnityTCoreControl.csproj", "{5839F270-D8AD-4D42-A917-EC0BC7C0FFC1}"
EndProject
Project("{2150E333-8FDC-42A3-9474-1A3956D46DE8}") = "Modules", "Modules", "{57C4DE94-D634-47F1-A497-3EDDF677394A}"
EndProject
Project("{2150E333-8FDC-42A3-9474-1A3956D46DE8}") = "Wpf.Mef", "Wpf.Mef", "{E1AD3E21-77FB-4302-94D8-0724BA0EEB8C}"
EndProject
Project("{FAE04EC0-301F-11D3-BF4B-00C04F79EFBC}") = "MEFModuleInCodeApp", "Mef.Wpf\MEFModelInCodeApp\MEFModuleInCodeApp.csproj", "{6E327157-04C3-4921-A6CD-EF4EF0AED3AB}"
EndProject
Project("{FAE04EC0-301F-11D3-BF4B-00C04F79EFBC}") = "MEFModuleDiscoveryLocalDisk", "Mef.Wpf\MEFModuleDiscoveryLocalDisk\MEFModuleDiscoveryLocalDisk.csproj", "{211E1ECA-7A66-48E1-94C3-CBE2761C0B00}"
	ProjectSection(ProjectDependencies) = postProject
		{932B99D7-4CF6-48AE-8D20-DA9FAA4FB06F} = {932B99D7-4CF6-48AE-8D20-DA9FAA4FB06F}
	EndProjectSection
EndProject
Project("{FAE04EC0-301F-11D3-BF4B-00C04F79EFBC}") = "MEFModuleUsingConfigurationApp", "Mef.Wpf\MEFModuleUsingConfigurationApp\MEFModuleUsingConfigurationApp.csproj", "{20EBDC85-FB72-45B8-9949-F059E8BA30F7}"
EndProject
Project("{FAE04EC0-301F-11D3-BF4B-00C04F79EFBC}") = "MEFModuleUsingXamlApp", "Mef.Wpf\MEFModuleUsingXamlApp\MEFModuleUsingXamlApp.csproj", "{AAF59028-07CB-4AA3-8A89-4F7650400AA9}"
EndProject
Project("{FAE04EC0-301F-11D3-BF4B-00C04F79EFBC}") = "MEFTCoreApp", "Mef.Wpf\MEFTCoreApp\MEFTCoreApp.csproj", "{C64E38A7-58CD-4FC1-80A1-D6A95342FA96}"
EndProject
Project("{FAE04EC0-301F-11D3-BF4B-00C04F79EFBC}") = "MEFTCoreControl", "Mef.Wpf\MEFTCoreControl\MEFTCoreControl.csproj", "{932B99D7-4CF6-48AE-8D20-DA9FAA4FB06F}"
EndProject
Project("{2150E333-8FDC-42A3-9474-1A3956D46DE8}") = "Modules", "Modules", "{1526989C-ED98-4810-B7C0-3AB2385165BC}"
EndProject
Project("{2150E333-8FDC-42A3-9474-1A3956D46DE8}") = "RibbonExample", "RibbonExample", "{612F600A-1EA8-4F7B-8CBC-7249F77BF2C9}"
EndProject
Project("{2150E333-8FDC-42A3-9474-1A3956D46DE8}") = "RibbonExample", "RibbonExample", "{DABF06AA-4E20-4AE4-8F5B-465F9D53B540}"
EndProject
Project("{2150E333-8FDC-42A3-9474-1A3956D46DE8}") = "Event", "Event", "{6209C6F4-BA2D-4BDA-8A5D-71269FD1BFCF}"
EndProject
Project("{FAE04EC0-301F-11D3-BF4B-00C04F79EFBC}") = "EventObjects", "EventObjects\EventObjects.csproj", "{26E2AD1D-48BA-4940-9C63-E4F51873FFB6}"
EndProject
Project("{FAE04EC0-301F-11D3-BF4B-00C04F79EFBC}") = "EventPlatform", "EventPlatform\EventPlatform.csproj", "{7A09A6DA-34FF-4328-BE44-61E43CB5AA78}"
EndProject
Global
	GlobalSection(SolutionConfigurationPlatforms) = preSolution
		Debug|Any CPU = Debug|Any CPU
		Release|Any CPU = Release|Any CPU
	EndGlobalSection
	GlobalSection(ProjectConfigurationPlatforms) = postSolution
		{4E5C3D6A-2EB5-4369-9ACD-484BDE635433}.Debug|Any CPU.ActiveCfg = Debug|Any CPU
		{4E5C3D6A-2EB5-4369-9ACD-484BDE635433}.Debug|Any CPU.Build.0 = Debug|Any CPU
		{4E5C3D6A-2EB5-4369-9ACD-484BDE635433}.Release|Any CPU.ActiveCfg = Release|Any CPU
		{4E5C3D6A-2EB5-4369-9ACD-484BDE635433}.Release|Any CPU.Build.0 = Release|Any CPU
		{9068450C-9708-4E28-8AF5-D916D7B2E179}.Debug|Any CPU.ActiveCfg = Debug|Any CPU
		{9068450C-9708-4E28-8AF5-D916D7B2E179}.Debug|Any CPU.Build.0 = Debug|Any CPU
		{9068450C-9708-4E28-8AF5-D916D7B2E179}.Release|Any CPU.ActiveCfg = Release|Any CPU
		{9068450C-9708-4E28-8AF5-D916D7B2E179}.Release|Any CPU.Build.0 = Release|Any CPU
		{53BA2902-D624-4154-BB2C-C0315FE935DF}.Debug|Any CPU.ActiveCfg = Debug|Any CPU
		{53BA2902-D624-4154-BB2C-C0315FE935DF}.Debug|Any CPU.Build.0 = Debug|Any CPU
		{53BA2902-D624-4154-BB2C-C0315FE935DF}.Release|Any CPU.ActiveCfg = Release|Any CPU
		{53BA2902-D624-4154-BB2C-C0315FE935DF}.Release|Any CPU.Build.0 = Release|Any CPU
		{5839F270-D8AD-4D42-A917-EC0BC7C0FFC1}.Debug|Any CPU.ActiveCfg = Debug|Any CPU
		{5839F270-D8AD-4D42-A917-EC0BC7C0FFC1}.Debug|Any CPU.Build.0 = Debug|Any CPU
		{5839F270-D8AD-4D42-A917-EC0BC7C0FFC1}.Release|Any CPU.ActiveCfg = Release|Any CPU
		{5839F270-D8AD-4D42-A917-EC0BC7C0FFC1}.Release|Any CPU.Build.0 = Release|Any CPU
		{6E327157-04C3-4921-A6CD-EF4EF0AED3AB}.Debug|Any CPU.ActiveCfg = Debug|Any CPU
		{6E327157-04C3-4921-A6CD-EF4EF0AED3AB}.Debug|Any CPU.Build.0 = Debug|Any CPU
		{6E327157-04C3-4921-A6CD-EF4EF0AED3AB}.Release|Any CPU.ActiveCfg = Release|Any CPU
		{6E327157-04C3-4921-A6CD-EF4EF0AED3AB}.Release|Any CPU.Build.0 = Release|Any CPU
		{211E1ECA-7A66-48E1-94C3-CBE2761C0B00}.Debug|Any CPU.ActiveCfg = Debug|Any CPU
		{211E1ECA-7A66-48E1-94C3-CBE2761C0B00}.Debug|Any CPU.Build.0 = Debug|Any CPU
		{211E1ECA-7A66-48E1-94C3-CBE2761C0B00}.Release|Any CPU.ActiveCfg = Release|Any CPU
		{211E1ECA-7A66-48E1-94C3-CBE2761C0B00}.Release|Any CPU.Build.0 = Release|Any CPU
		{20EBDC85-FB72-45B8-9949-F059E8BA30F7}.Debug|Any CPU.ActiveCfg = Debug|Any CPU
		{20EBDC85-FB72-45B8-9949-F059E8BA30F7}.Debug|Any CPU.Build.0 = Debug|Any CPU
		{20EBDC85-FB72-45B8-9949-F059E8BA30F7}.Release|Any CPU.ActiveCfg = Release|Any CPU
		{20EBDC85-FB72-45B8-9949-F059E8BA30F7}.Release|Any CPU.Build.0 = Release|Any CPU
		{AAF59028-07CB-4AA3-8A89-4F7650400AA9}.Debug|Any CPU.ActiveCfg = Debug|Any CPU
		{AAF59028-07CB-4AA3-8A89-4F7650400AA9}.Debug|Any CPU.Build.0 = Debug|Any CPU
		{AAF59028-07CB-4AA3-8A89-4F7650400AA9}.Release|Any CPU.ActiveCfg = Release|Any CPU
		{AAF59028-07CB-4AA3-8A89-4F7650400AA9}.Release|Any CPU.Build.0 = Release|Any CPU
		{C64E38A7-58CD-4FC1-80A1-D6A95342FA96}.Debug|Any CPU.ActiveCfg = Debug|Any CPU
		{C64E38A7-58CD-4FC1-80A1-D6A95342FA96}.Debug|Any CPU.Build.0 = Debug|Any CPU
		{C64E38A7-58CD-4FC1-80A1-D6A95342FA96}.Release|Any CPU.ActiveCfg = Release|Any CPU
		{C64E38A7-58CD-4FC1-80A1-D6A95342FA96}.Release|Any CPU.Build.0 = Release|Any CPU
		{932B99D7-4CF6-48AE-8D20-DA9FAA4FB06F}.Debug|Any CPU.ActiveCfg = Debug|Any CPU
		{932B99D7-4CF6-48AE-8D20-DA9FAA4FB06F}.Debug|Any CPU.Build.0 = Debug|Any CPU
		{932B99D7-4CF6-48AE-8D20-DA9FAA4FB06F}.Release|Any CPU.ActiveCfg = Release|Any CPU
		{932B99D7-4CF6-48AE-8D20-DA9FAA4FB06F}.Release|Any CPU.Build.0 = Release|Any CPU
		{26E2AD1D-48BA-4940-9C63-E4F51873FFB6}.Debug|Any CPU.ActiveCfg = Debug|Any CPU
		{26E2AD1D-48BA-4940-9C63-E4F51873FFB6}.Debug|Any CPU.Build.0 = Debug|Any CPU
		{26E2AD1D-48BA-4940-9C63-E4F51873FFB6}.Release|Any CPU.ActiveCfg = Release|Any CPU
		{26E2AD1D-48BA-4940-9C63-E4F51873FFB6}.Release|Any CPU.Build.0 = Release|Any CPU
		{7A09A6DA-34FF-4328-BE44-61E43CB5AA78}.Debug|Any CPU.ActiveCfg = Debug|Any CPU
		{7A09A6DA-34FF-4328-BE44-61E43CB5AA78}.Debug|Any CPU.Build.0 = Debug|Any CPU
		{7A09A6DA-34FF-4328-BE44-61E43CB5AA78}.Release|Any CPU.ActiveCfg = Release|Any CPU
		{7A09A6DA-34FF-4328-BE44-61E43CB5AA78}.Release|Any CPU.Build.0 = Release|Any CPU
	EndGlobalSection
	GlobalSection(SolutionProperties) = preSolution
		HideSolutionNode = FALSE
	EndGlobalSection
	GlobalSection(NestedProjects) = preSolution
		{4E5C3D6A-2EB5-4369-9ACD-484BDE635433} = {57C4DE94-D634-47F1-A497-3EDDF677394A}
		{9068450C-9708-4E28-8AF5-D916D7B2E179} = {3EEE4F99-DDCF-4596-982A-02000D17A766}
		{53BA2902-D624-4154-BB2C-C0315FE935DF} = {DABF06AA-4E20-4AE4-8F5B-465F9D53B540}
		{5839F270-D8AD-4D42-A917-EC0BC7C0FFC1} = {57C4DE94-D634-47F1-A497-3EDDF677394A}
		{57C4DE94-D634-47F1-A497-3EDDF677394A} = {3EEE4F99-DDCF-4596-982A-02000D17A766}
		{6E327157-04C3-4921-A6CD-EF4EF0AED3AB} = {E1AD3E21-77FB-4302-94D8-0724BA0EEB8C}
		{211E1ECA-7A66-48E1-94C3-CBE2761C0B00} = {E1AD3E21-77FB-4302-94D8-0724BA0EEB8C}
		{20EBDC85-FB72-45B8-9949-F059E8BA30F7} = {E1AD3E21-77FB-4302-94D8-0724BA0EEB8C}
		{AAF59028-07CB-4AA3-8A89-4F7650400AA9} = {E1AD3E21-77FB-4302-94D8-0724BA0EEB8C}
		{C64E38A7-58CD-4FC1-80A1-D6A95342FA96} = {612F600A-1EA8-4F7B-8CBC-7249F77BF2C9}
		{932B99D7-4CF6-48AE-8D20-DA9FAA4FB06F} = {1526989C-ED98-4810-B7C0-3AB2385165BC}
		{1526989C-ED98-4810-B7C0-3AB2385165BC} = {E1AD3E21-77FB-4302-94D8-0724BA0EEB8C}
		{612F600A-1EA8-4F7B-8CBC-7249F77BF2C9} = {E1AD3E21-77FB-4302-94D8-0724BA0EEB8C}
		{DABF06AA-4E20-4AE4-8F5B-465F9D53B540} = {3EEE4F99-DDCF-4596-982A-02000D17A766}
		{6209C6F4-BA2D-4BDA-8A5D-71269FD1BFCF} = {3EEE4F99-DDCF-4596-982A-02000D17A766}
		{26E2AD1D-48BA-4940-9C63-E4F51873FFB6} = {6209C6F4-BA2D-4BDA-8A5D-71269FD1BFCF}
		{7A09A6DA-34FF-4328-BE44-61E43CB5AA78} = {6209C6F4-BA2D-4BDA-8A5D-71269FD1BFCF}
	EndGlobalSection
	GlobalSection(ExtensibilityGlobals) = postSolution
		SolutionGuid = {81E7B9BB-45B8-4F42-9A45-1240652B0CEA}
	EndGlobalSection
EndGlobal
