
Microsoft Visual Studio Solution File, Format Version 12.00
# Visual Studio 15
VisualStudioVersion = 15.0.27703.2035
MinimumVisualStudioVersion = 10.0.40219.1
Project("{FAE04EC0-301F-11D3-BF4B-00C04F79EFBC}") = "UnityAutowireControl", "Unity.Wpf\UnityAutowireControl\UnityAutowireControl.csproj", "{4E5C3D6A-2EB5-4369-9ACD-484BDE635433}"
EndProject
Project("{2150E333-8FDC-42A3-9474-1A3956D46DE8}") = "Wpf.Unity", "Wpf.Unity", "{3EEE4F99-DDCF-4596-982A-02000D17A766}"
EndProject
Project("{FAE04EC0-301F-11D3-BF4B-00C04F79EFBC}") = "UnityModuleUsingConfigurationApp", "Unity.Wpf\UnityModuleUsingConfigurationApp\UnityModuleUsingConfigurationApp.csproj", "{9068450C-9708-4E28-8AF5-D916D7B2E179}"
EndProject
Project("{FAE04EC0-301F-11D3-BF4B-00C04F79EFBC}") = "UnityTCoreApp", "Unity.Wpf\UnityTCoreApp\UnityTCoreApp.csproj", "{53BA2902-D624-4154-BB2C-C0315FE935DF}"
EndProject
Project("{FAE04EC0-301F-11D3-BF4B-00C04F79EFBC}") = "UnityTCoreControl", "Unity.Wpf\UnityTCoreControl\UnityTCoreControl.csproj", "{5839F270-D8AD-4D42-A917-EC0BC7C0FFC1}"
EndProject
Project("{2150E333-8FDC-42A3-9474-1A3956D46DE8}") = "Modules", "Modules", "{57C4DE94-D634-47F1-A497-3EDDF677394A}"
EndProject
Project("{2150E333-8FDC-42A3-9474-1A3956D46DE8}") = "Wpf.Mef", "Wpf.Mef", "{E1AD3E21-77FB-4302-94D8-0724BA0EEB8C}"
EndProject
Project("{FAE04EC0-301F-11D3-BF4B-00C04F79EFBC}") = "MEFModuleInCodeApp", "Mef.Wpf\MEFModelInCodeApp\MEFModuleInCodeApp.csproj", "{6E327157-04C3-4921-A6CD-EF4EF0AED3AB}"
EndProject
Project("{FAE04EC0-301F-11D3-BF4B-00C04F79EFBC}") = "MEFModuleDiscoveryLocalDisk", "Mef.Wpf\MEFModuleDiscoveryLocalDisk\MEFModuleDiscoveryLocalDisk.csproj", "{211E1ECA-7A66-48E1-94C3-CBE2761C0B00}"
	ProjectSection(ProjectDependencies) = postProject
		{932B99D7-4CF6-48AE-8D20-DA9FAA4FB06F} = {932B99D7-4CF6-48AE-8D20-DA9FAA4FB06F}
	EndProjectSection
EndProject
Project("{FAE04EC0-301F-11D3-BF4B-00C04F79EFBC}") = "MEFModuleUsingConfigurationApp", "Mef.Wpf\MEFModuleUsingConfigurationApp\MEFModuleUsingConfigurationApp.csproj", "{20EBDC85-FB72-45B8-9949-F059E8BA30F7}"
EndProject
Project("{FAE04EC0-301F-11D3-BF4B-00C04F79EFBC}") = "MEFModuleUsingXamlApp", "Mef.Wpf\MEFModuleUsingXamlApp\MEFModuleUsingXamlApp.csproj", "{AAF59028-07CB-4AA3-8A89-4F7650400AA9}"
EndProject
Project("{FAE04EC0-301F-11D3-BF4B-00C04F79EFBC}") = "MEFTCoreApp", "Mef.Wpf\MEFTCoreApp\MEFTCoreApp.csproj", "{C64E38A7-58CD-4FC1-80A1-D6A95342FA96}"
EndProject
Project("{FAE04EC0-301F-11D3-BF4B-00C04F79EFBC}") = "MEFTCoreControl", "Mef.Wpf\MEFTCoreControl\MEFTCoreControl.csproj", "{932B99D7-4CF6-48AE-8D20-DA9FAA4FB06F}"
EndProject
Project("{2150E333-8FDC-42A3-9474-1A3956D46DE8}") = "Modules", "Modules", "{1526989C-ED98-4810-B7C0-3AB2385165BC}"
EndProject
Project("{2150E333-8FDC-42A3-9474-1A3956D46DE8}") = "RibbonExample", "RibbonExample", "{612F600A-1EA8-4F7B-8CBC-7249F77BF2C9}"
EndProject
Project("{2150E333-8FDC-42A3-9474-1A3956D46DE8}") = "RibbonExample", "RibbonExample", "{DABF06AA-4E20-4AE4-8F5B-465F9D53B540}"
EndProject
Project("{2150E333-8FDC-42A3-9474-1A3956D46DE8}") = "Event", "Event", "{6209C6F4-BA2D-4BDA-8A5D-71269FD1BFCF}"
EndProject
Project("{FAE04EC0-301F-11D3-BF4B-00C04F79EFBC}") = "EventObjects", "EventObjects\EventObjects.csproj", "{26E2AD1D-48BA-4940-9C63-E4F51873FFB6}"
EndProject
Project("{FAE04EC0-301F-11D3-BF4B-00C04F79EFBC}") = "EventPlatform", "EventPlatform\EventPlatform.csproj", "{7A09A6DA-34FF-4328-BE44-61E43CB5AA78}"
EndProject
Project("{2150E333-8FDC-42A3-9474-1A3956D46DE8}") = "NonUIModules", "NonUIModules", "{ED8AD2D2-242A-46EA-B7A4-DFBC0E22DD60}"
EndProject
Project("{FAE04EC0-301F-11D3-BF4B-00C04F79EFBC}") = "CalculatorModule", "CalculatorModule\CalculatorModule.csproj", "{0B989EE1-AFAA-40A9-9D16-BDB01CFB4F4C}"
EndProject
Project("{FAE04EC0-301F-11D3-BF4B-00C04F79EFBC}") = "InputOutputModule", "InputOutputModule\InputOutputModule.csproj", "{BECA3DC9-9F2C-4460-BFA7-A3DC542F20C1}"
EndProject
Project("{2150E333-8FDC-42A3-9474-1A3956D46DE8}") = "Common", "Common", "{721CE657-6618-4CA0-A125-A01F7E95DAF9}"
EndProject
Project("{FAE04EC0-301F-11D3-BF4B-00C04F79EFBC}") = "NonUICommonDll", "NonUICommonDll\NonUICommonDll.csproj", "{D80E6913-52FA-4FBF-A8E7-687C3EC15E11}"
EndProject
Project("{FAE04EC0-301F-11D3-BF4B-00C04F79EFBC}") = "UnityNonUIModuleStaticApp", "UnityNonUIModuleStaticApp\UnityNonUIModuleStaticApp.csproj", "{7548A381-768F-442B-B4D9-8448C6CA2624}"
EndProject
Project("{FAE04EC0-301F-11D3-BF4B-00C04F79EFBC}") = "CalculatorInterfaces", "CalculatorInterfaces\CalculatorInterfaces.csproj", "{56EE2A34-3F6A-42AB-9113-20D9655F9D03}"
EndProject
Project("{FAE04EC0-301F-11D3-BF4B-00C04F79EFBC}") = "TestDialog", "TestDialog\TestDialog.csproj", "{BED4DEB0-B75D-463A-80D2-279BE5CC23A3}"
EndProject
Project("{FAE04EC0-301F-11D3-BF4B-00C04F79EFBC}") = "UnityDialogModule", "UnityDialogModule\UnityDialogModule.csproj", "{30E64F0C-B315-4EBF-9389-BDCDAC988C5D}"
EndProject
Project("{FAE04EC0-301F-11D3-BF4B-00C04F79EFBC}") = "UnityDialogRepeatApp", "UnityDialogRepeatApp\UnityDialogRepeatApp.csproj", "{E2AFF472-980E-4C05-9978-7A845BA9C173}"
EndProject
Project("{FAE04EC0-301F-11D3-BF4B-00C04F79EFBC}") = "WinTools", "WinTools\WinTools.csproj", "{72BCDAEE-FD38-40E5-A53E-9C4E454E78EE}"
EndProject
Project("{2150E333-8FDC-42A3-9474-1A3956D46DE8}") = "SimpleApp", "SimpleApp", "{FB38C5C3-9509-4BDB-9DD7-EBD672AACFD2}"
EndProject
Project("{FAE04EC0-301F-11D3-BF4B-00C04F79EFBC}") = "TestUnityApp", "TestUnityApp\TestUnityApp.csproj", "{CA501910-65C2-425F-BCDA-3B0EC20D20A3}"
EndProject
Project("{FAE04EC0-301F-11D3-BF4B-00C04F79EFBC}") = "UnityNonUIModuleDynamicApp", "UnityNonUIModuleDynamicApp\UnityNonUIModuleDynamicApp.csproj", "{C1898168-9284-4B88-A51C-89002F10DBC5}"
EndProject
Project("{FAE04EC0-301F-11D3-BF4B-00C04F79EFBC}") = "TestRaftingWindow", "TestRaftingWindow\TestRaftingWindow.csproj", "{42FC4510-AB30-4D92-B63E-DC995C3B1D56}"
EndProject
Project("{FAE04EC0-301F-11D3-BF4B-00C04F79EFBC}") = "TestingActiproPrismRaftingWindow", "TestingActiproPrismRaftingWindow\TestingActiproPrismRaftingWindow.csproj", "{32E12908-95A7-4C30-88DA-DE3C5E2F6792}"
EndProject
Project("{FAE04EC0-301F-11D3-BF4B-00C04F79EFBC}") = "TestPrismAvalonDockWindow", "TestPrismAvalonDockWindow\TestPrismAvalonDockWindow.csproj", "{9826C549-9666-4C3C-8B4A-3E3B5D23E343}"
EndProject
Global
	GlobalSection(SolutionConfigurationPlatforms) = preSolution
		Debug|Any CPU = Debug|Any CPU
		Release|Any CPU = Release|Any CPU
	EndGlobalSection
	GlobalSection(ProjectConfigurationPlatforms) = postSolution
		{4E5C3D6A-2EB5-4369-9ACD-484BDE635433}.Debug|Any CPU.ActiveCfg = Debug|Any CPU
		{4E5C3D6A-2EB5-4369-9ACD-484BDE635433}.Debug|Any CPU.Build.0 = Debug|Any CPU
		{4E5C3D6A-2EB5-4369-9ACD-484BDE635433}.Release|Any CPU.ActiveCfg = Release|Any CPU
		{4E5C3D6A-2EB5-4369-9ACD-484BDE635433}.Release|Any CPU.Build.0 = Release|Any CPU
		{9068450C-9708-4E28-8AF5-D916D7B2E179}.Debug|Any CPU.ActiveCfg = Debug|Any CPU
		{9068450C-9708-4E28-8AF5-D916D7B2E179}.Debug|Any CPU.Build.0 = Debug|Any CPU
		{9068450C-9708-4E28-8AF5-D916D7B2E179}.Release|Any CPU.ActiveCfg = Release|Any CPU
		{9068450C-9708-4E28-8AF5-D916D7B2E179}.Release|Any CPU.Build.0 = Release|Any CPU
		{53BA2902-D624-4154-BB2C-C0315FE935DF}.Debug|Any CPU.ActiveCfg = Debug|Any CPU
		{53BA2902-D624-4154-BB2C-C0315FE935DF}.Debug|Any CPU.Build.0 = Debug|Any CPU
		{53BA2902-D624-4154-BB2C-C0315FE935DF}.Release|Any CPU.ActiveCfg = Release|Any CPU
		{53BA2902-D624-4154-BB2C-C0315FE935DF}.Release|Any CPU.Build.0 = Release|Any CPU
		{5839F270-D8AD-4D42-A917-EC0BC7C0FFC1}.Debug|Any CPU.ActiveCfg = Debug|Any CPU
		{5839F270-D8AD-4D42-A917-EC0BC7C0FFC1}.Debug|Any CPU.Build.0 = Debug|Any CPU
		{5839F270-D8AD-4D42-A917-EC0BC7C0FFC1}.Release|Any CPU.ActiveCfg = Release|Any CPU
		{5839F270-D8AD-4D42-A917-EC0BC7C0FFC1}.Release|Any CPU.Build.0 = Release|Any CPU
		{6E327157-04C3-4921-A6CD-EF4EF0AED3AB}.Debug|Any CPU.ActiveCfg = Debug|Any CPU
		{6E327157-04C3-4921-A6CD-EF4EF0AED3AB}.Debug|Any CPU.Build.0 = Debug|Any CPU
		{6E327157-04C3-4921-A6CD-EF4EF0AED3AB}.Release|Any CPU.ActiveCfg = Release|Any CPU
		{6E327157-04C3-4921-A6CD-EF4EF0AED3AB}.Release|Any CPU.Build.0 = Release|Any CPU
		{211E1ECA-7A66-48E1-94C3-CBE2761C0B00}.Debug|Any CPU.ActiveCfg = Debug|Any CPU
		{211E1ECA-7A66-48E1-94C3-CBE2761C0B00}.Debug|Any CPU.Build.0 = Debug|Any CPU
		{211E1ECA-7A66-48E1-94C3-CBE2761C0B00}.Release|Any CPU.ActiveCfg = Release|Any CPU
		{211E1ECA-7A66-48E1-94C3-CBE2761C0B00}.Release|Any CPU.Build.0 = Release|Any CPU
		{20EBDC85-FB72-45B8-9949-F059E8BA30F7}.Debug|Any CPU.ActiveCfg = Debug|Any CPU
		{20EBDC85-FB72-45B8-9949-F059E8BA30F7}.Debug|Any CPU.Build.0 = Debug|Any CPU
		{20EBDC85-FB72-45B8-9949-F059E8BA30F7}.Release|Any CPU.ActiveCfg = Release|Any CPU
		{20EBDC85-FB72-45B8-9949-F059E8BA30F7}.Release|Any CPU.Build.0 = Release|Any CPU
		{AAF59028-07CB-4AA3-8A89-4F7650400AA9}.Debug|Any CPU.ActiveCfg = Debug|Any CPU
		{AAF59028-07CB-4AA3-8A89-4F7650400AA9}.Debug|Any CPU.Build.0 = Debug|Any CPU
		{AAF59028-07CB-4AA3-8A89-4F7650400AA9}.Release|Any CPU.ActiveCfg = Release|Any CPU
		{AAF59028-07CB-4AA3-8A89-4F7650400AA9}.Release|Any CPU.Build.0 = Release|Any CPU
		{C64E38A7-58CD-4FC1-80A1-D6A95342FA96}.Debug|Any CPU.ActiveCfg = Debug|Any CPU
		{C64E38A7-58CD-4FC1-80A1-D6A95342FA96}.Debug|Any CPU.Build.0 = Debug|Any CPU
		{C64E38A7-58CD-4FC1-80A1-D6A95342FA96}.Release|Any CPU.ActiveCfg = Release|Any CPU
		{C64E38A7-58CD-4FC1-80A1-D6A95342FA96}.Release|Any CPU.Build.0 = Release|Any CPU
		{932B99D7-4CF6-48AE-8D20-DA9FAA4FB06F}.Debug|Any CPU.ActiveCfg = Debug|Any CPU
		{932B99D7-4CF6-48AE-8D20-DA9FAA4FB06F}.Debug|Any CPU.Build.0 = Debug|Any CPU
		{932B99D7-4CF6-48AE-8D20-DA9FAA4FB06F}.Release|Any CPU.ActiveCfg = Release|Any CPU
		{932B99D7-4CF6-48AE-8D20-DA9FAA4FB06F}.Release|Any CPU.Build.0 = Release|Any CPU
		{26E2AD1D-48BA-4940-9C63-E4F51873FFB6}.Debug|Any CPU.ActiveCfg = Debug|Any CPU
		{26E2AD1D-48BA-4940-9C63-E4F51873FFB6}.Debug|Any CPU.Build.0 = Debug|Any CPU
		{26E2AD1D-48BA-4940-9C63-E4F51873FFB6}.Release|Any CPU.ActiveCfg = Release|Any CPU
		{26E2AD1D-48BA-4940-9C63-E4F51873FFB6}.Release|Any CPU.Build.0 = Release|Any CPU
		{7A09A6DA-34FF-4328-BE44-61E43CB5AA78}.Debug|Any CPU.ActiveCfg = Debug|Any CPU
		{7A09A6DA-34FF-4328-BE44-61E43CB5AA78}.Debug|Any CPU.Build.0 = Debug|Any CPU
		{7A09A6DA-34FF-4328-BE44-61E43CB5AA78}.Release|Any CPU.ActiveCfg = Release|Any CPU
		{7A09A6DA-34FF-4328-BE44-61E43CB5AA78}.Release|Any CPU.Build.0 = Release|Any CPU
		{0B989EE1-AFAA-40A9-9D16-BDB01CFB4F4C}.Debug|Any CPU.ActiveCfg = Debug|Any CPU
		{0B989EE1-AFAA-40A9-9D16-BDB01CFB4F4C}.Debug|Any CPU.Build.0 = Debug|Any CPU
		{0B989EE1-AFAA-40A9-9D16-BDB01CFB4F4C}.Release|Any CPU.ActiveCfg = Release|Any CPU
		{0B989EE1-AFAA-40A9-9D16-BDB01CFB4F4C}.Release|Any CPU.Build.0 = Release|Any CPU
		{BECA3DC9-9F2C-4460-BFA7-A3DC542F20C1}.Debug|Any CPU.ActiveCfg = Debug|Any CPU
		{BECA3DC9-9F2C-4460-BFA7-A3DC542F20C1}.Debug|Any CPU.Build.0 = Debug|Any CPU
		{BECA3DC9-9F2C-4460-BFA7-A3DC542F20C1}.Release|Any CPU.ActiveCfg = Release|Any CPU
		{BECA3DC9-9F2C-4460-BFA7-A3DC542F20C1}.Release|Any CPU.Build.0 = Release|Any CPU
		{D80E6913-52FA-4FBF-A8E7-687C3EC15E11}.Debug|Any CPU.ActiveCfg = Debug|Any CPU
		{D80E6913-52FA-4FBF-A8E7-687C3EC15E11}.Debug|Any CPU.Build.0 = Debug|Any CPU
		{D80E6913-52FA-4FBF-A8E7-687C3EC15E11}.Release|Any CPU.ActiveCfg = Release|Any CPU
		{D80E6913-52FA-4FBF-A8E7-687C3EC15E11}.Release|Any CPU.Build.0 = Release|Any CPU
		{7548A381-768F-442B-B4D9-8448C6CA2624}.Debug|Any CPU.ActiveCfg = Debug|Any CPU
		{7548A381-768F-442B-B4D9-8448C6CA2624}.Debug|Any CPU.Build.0 = Debug|Any CPU
		{7548A381-768F-442B-B4D9-8448C6CA2624}.Release|Any CPU.ActiveCfg = Release|Any CPU
		{7548A381-768F-442B-B4D9-8448C6CA2624}.Release|Any CPU.Build.0 = Release|Any CPU
		{56EE2A34-3F6A-42AB-9113-20D9655F9D03}.Debug|Any CPU.ActiveCfg = Debug|Any CPU
		{56EE2A34-3F6A-42AB-9113-20D9655F9D03}.Debug|Any CPU.Build.0 = Debug|Any CPU
		{56EE2A34-3F6A-42AB-9113-20D9655F9D03}.Release|Any CPU.ActiveCfg = Release|Any CPU
		{56EE2A34-3F6A-42AB-9113-20D9655F9D03}.Release|Any CPU.Build.0 = Release|Any CPU
		{BED4DEB0-B75D-463A-80D2-279BE5CC23A3}.Debug|Any CPU.ActiveCfg = Debug|Any CPU
		{BED4DEB0-B75D-463A-80D2-279BE5CC23A3}.Debug|Any CPU.Build.0 = Debug|Any CPU
		{BED4DEB0-B75D-463A-80D2-279BE5CC23A3}.Release|Any CPU.ActiveCfg = Release|Any CPU
		{BED4DEB0-B75D-463A-80D2-279BE5CC23A3}.Release|Any CPU.Build.0 = Release|Any CPU
		{30E64F0C-B315-4EBF-9389-BDCDAC988C5D}.Debug|Any CPU.ActiveCfg = Debug|Any CPU
		{30E64F0C-B315-4EBF-9389-BDCDAC988C5D}.Debug|Any CPU.Build.0 = Debug|Any CPU
		{30E64F0C-B315-4EBF-9389-BDCDAC988C5D}.Release|Any CPU.ActiveCfg = Release|Any CPU
		{30E64F0C-B315-4EBF-9389-BDCDAC988C5D}.Release|Any CPU.Build.0 = Release|Any CPU
		{E2AFF472-980E-4C05-9978-7A845BA9C173}.Debug|Any CPU.ActiveCfg = Debug|Any CPU
		{E2AFF472-980E-4C05-9978-7A845BA9C173}.Debug|Any CPU.Build.0 = Debug|Any CPU
		{E2AFF472-980E-4C05-9978-7A845BA9C173}.Release|Any CPU.ActiveCfg = Release|Any CPU
		{E2AFF472-980E-4C05-9978-7A845BA9C173}.Release|Any CPU.Build.0 = Release|Any CPU
		{72BCDAEE-FD38-40E5-A53E-9C4E454E78EE}.Debug|Any CPU.ActiveCfg = Debug|Any CPU
		{72BCDAEE-FD38-40E5-A53E-9C4E454E78EE}.Debug|Any CPU.Build.0 = Debug|Any CPU
		{72BCDAEE-FD38-40E5-A53E-9C4E454E78EE}.Release|Any CPU.ActiveCfg = Release|Any CPU
		{72BCDAEE-FD38-40E5-A53E-9C4E454E78EE}.Release|Any CPU.Build.0 = Release|Any CPU
		{CA501910-65C2-425F-BCDA-3B0EC20D20A3}.Debug|Any CPU.ActiveCfg = Debug|Any CPU
		{CA501910-65C2-425F-BCDA-3B0EC20D20A3}.Debug|Any CPU.Build.0 = Debug|Any CPU
		{CA501910-65C2-425F-BCDA-3B0EC20D20A3}.Release|Any CPU.ActiveCfg = Release|Any CPU
		{CA501910-65C2-425F-BCDA-3B0EC20D20A3}.Release|Any CPU.Build.0 = Release|Any CPU
		{C1898168-9284-4B88-A51C-89002F10DBC5}.Debug|Any CPU.ActiveCfg = Debug|Any CPU
		{C1898168-9284-4B88-A51C-89002F10DBC5}.Debug|Any CPU.Build.0 = Debug|Any CPU
		{C1898168-9284-4B88-A51C-89002F10DBC5}.Release|Any CPU.ActiveCfg = Release|Any CPU
		{C1898168-9284-4B88-A51C-89002F10DBC5}.Release|Any CPU.Build.0 = Release|Any CPU
		{42FC4510-AB30-4D92-B63E-DC995C3B1D56}.Debug|Any CPU.ActiveCfg = Debug|Any CPU
		{42FC4510-AB30-4D92-B63E-DC995C3B1D56}.Debug|Any CPU.Build.0 = Debug|Any CPU
		{42FC4510-AB30-4D92-B63E-DC995C3B1D56}.Release|Any CPU.ActiveCfg = Release|Any CPU
		{42FC4510-AB30-4D92-B63E-DC995C3B1D56}.Release|Any CPU.Build.0 = Release|Any CPU
		{32E12908-95A7-4C30-88DA-DE3C5E2F6792}.Debug|Any CPU.ActiveCfg = Debug|Any CPU
		{32E12908-95A7-4C30-88DA-DE3C5E2F6792}.Debug|Any CPU.Build.0 = Debug|Any CPU
		{32E12908-95A7-4C30-88DA-DE3C5E2F6792}.Release|Any CPU.ActiveCfg = Release|Any CPU
		{32E12908-95A7-4C30-88DA-DE3C5E2F6792}.Release|Any CPU.Build.0 = Release|Any CPU
		{9826C549-9666-4C3C-8B4A-3E3B5D23E343}.Debug|Any CPU.ActiveCfg = Debug|Any CPU
		{9826C549-9666-4C3C-8B4A-3E3B5D23E343}.Debug|Any CPU.Build.0 = Debug|Any CPU
		{9826C549-9666-4C3C-8B4A-3E3B5D23E343}.Release|Any CPU.ActiveCfg = Release|Any CPU
		{9826C549-9666-4C3C-8B4A-3E3B5D23E343}.Release|Any CPU.Build.0 = Release|Any CPU
	EndGlobalSection
	GlobalSection(SolutionProperties) = preSolution
		HideSolutionNode = FALSE
	EndGlobalSection
	GlobalSection(NestedProjects) = preSolution
		{4E5C3D6A-2EB5-4369-9ACD-484BDE635433} = {57C4DE94-D634-47F1-A497-3EDDF677394A}
		{9068450C-9708-4E28-8AF5-D916D7B2E179} = {3EEE4F99-DDCF-4596-982A-02000D17A766}
		{53BA2902-D624-4154-BB2C-C0315FE935DF} = {DABF06AA-4E20-4AE4-8F5B-465F9D53B540}
		{5839F270-D8AD-4D42-A917-EC0BC7C0FFC1} = {57C4DE94-D634-47F1-A497-3EDDF677394A}
		{57C4DE94-D634-47F1-A497-3EDDF677394A} = {3EEE4F99-DDCF-4596-982A-02000D17A766}
		{6E327157-04C3-4921-A6CD-EF4EF0AED3AB} = {E1AD3E21-77FB-4302-94D8-0724BA0EEB8C}
		{211E1ECA-7A66-48E1-94C3-CBE2761C0B00} = {E1AD3E21-77FB-4302-94D8-0724BA0EEB8C}
		{20EBDC85-FB72-45B8-9949-F059E8BA30F7} = {E1AD3E21-77FB-4302-94D8-0724BA0EEB8C}
		{AAF59028-07CB-4AA3-8A89-4F7650400AA9} = {E1AD3E21-77FB-4302-94D8-0724BA0EEB8C}
		{C64E38A7-58CD-4FC1-80A1-D6A95342FA96} = {612F600A-1EA8-4F7B-8CBC-7249F77BF2C9}
		{932B99D7-4CF6-48AE-8D20-DA9FAA4FB06F} = {1526989C-ED98-4810-B7C0-3AB2385165BC}
		{1526989C-ED98-4810-B7C0-3AB2385165BC} = {E1AD3E21-77FB-4302-94D8-0724BA0EEB8C}
		{612F600A-1EA8-4F7B-8CBC-7249F77BF2C9} = {E1AD3E21-77FB-4302-94D8-0724BA0EEB8C}
		{DABF06AA-4E20-4AE4-8F5B-465F9D53B540} = {3EEE4F99-DDCF-4596-982A-02000D17A766}
		{6209C6F4-BA2D-4BDA-8A5D-71269FD1BFCF} = {3EEE4F99-DDCF-4596-982A-02000D17A766}
		{26E2AD1D-48BA-4940-9C63-E4F51873FFB6} = {6209C6F4-BA2D-4BDA-8A5D-71269FD1BFCF}
		{7A09A6DA-34FF-4328-BE44-61E43CB5AA78} = {6209C6F4-BA2D-4BDA-8A5D-71269FD1BFCF}
		{ED8AD2D2-242A-46EA-B7A4-DFBC0E22DD60} = {3EEE4F99-DDCF-4596-982A-02000D17A766}
		{0B989EE1-AFAA-40A9-9D16-BDB01CFB4F4C} = {ED8AD2D2-242A-46EA-B7A4-DFBC0E22DD60}
		{BECA3DC9-9F2C-4460-BFA7-A3DC542F20C1} = {ED8AD2D2-242A-46EA-B7A4-DFBC0E22DD60}
		{721CE657-6618-4CA0-A125-A01F7E95DAF9} = {ED8AD2D2-242A-46EA-B7A4-DFBC0E22DD60}
		{D80E6913-52FA-4FBF-A8E7-687C3EC15E11} = {721CE657-6618-4CA0-A125-A01F7E95DAF9}
		{7548A381-768F-442B-B4D9-8448C6CA2624} = {3EEE4F99-DDCF-4596-982A-02000D17A766}
		{56EE2A34-3F6A-42AB-9113-20D9655F9D03} = {721CE657-6618-4CA0-A125-A01F7E95DAF9}
		{BED4DEB0-B75D-463A-80D2-279BE5CC23A3} = {FB38C5C3-9509-4BDB-9DD7-EBD672AACFD2}
		{30E64F0C-B315-4EBF-9389-BDCDAC988C5D} = {ED8AD2D2-242A-46EA-B7A4-DFBC0E22DD60}
		{E2AFF472-980E-4C05-9978-7A845BA9C173} = {3EEE4F99-DDCF-4596-982A-02000D17A766}
		{72BCDAEE-FD38-40E5-A53E-9C4E454E78EE} = {721CE657-6618-4CA0-A125-A01F7E95DAF9}
		{FB38C5C3-9509-4BDB-9DD7-EBD672AACFD2} = {3EEE4F99-DDCF-4596-982A-02000D17A766}
		{CA501910-65C2-425F-BCDA-3B0EC20D20A3} = {FB38C5C3-9509-4BDB-9DD7-EBD672AACFD2}
		{C1898168-9284-4B88-A51C-89002F10DBC5} = {3EEE4F99-DDCF-4596-982A-02000D17A766}
		{42FC4510-AB30-4D92-B63E-DC995C3B1D56} = {FB38C5C3-9509-4BDB-9DD7-EBD672AACFD2}
		{32E12908-95A7-4C30-88DA-DE3C5E2F6792} = {FB38C5C3-9509-4BDB-9DD7-EBD672AACFD2}
		{9826C549-9666-4C3C-8B4A-3E3B5D23E343} = {FB38C5C3-9509-4BDB-9DD7-EBD672AACFD2}
	EndGlobalSection
	GlobalSection(ExtensibilityGlobals) = postSolution
		SolutionGuid = {81E7B9BB-45B8-4F42-9A45-1240652B0CEA}
	EndGlobalSection
EndGlobal
